
Microsoft Visual Studio Solution File, Format Version 12.00
# Visual Studio Version 17
VisualStudioVersion = 17.5.33424.131
MinimumVisualStudioVersion = 10.0.40219.1
Project("{9A19103F-16F7-4668-BE54-9A1E7A4F7556}") = "MyCRM", "CRM\MyCRM.csproj", "{5230B4D6-A075-4773-B96C-4C9C8F02B034}"
EndProject
Project("{9A19103F-16F7-4668-BE54-9A1E7A4F7556}") = "Tests", "Tests\Tests.csproj", "{207EB6BD-58B7-4704-B56D-1D7ECA03D2E0}"
EndProject
Project("{FAE04EC0-301F-11D3-BF4B-00C04F79EFBC}") = "Client", "Client\Client.csproj", "{6450F21D-026B-4180-BDB1-D1FF179471CA}"
EndProject
Project("{FAE04EC0-301F-11D3-BF4B-00C04F79EFBC}") = "Common", "Common\Common.csproj", "{AA58137F-D30B-46EC-9810-54F1F09BBD96}"
EndProject
Global
	GlobalSection(SolutionConfigurationPlatforms) = preSolution
		Debug|Any CPU = Debug|Any CPU
		Release|Any CPU = Release|Any CPU
	EndGlobalSection
	GlobalSection(ProjectConfigurationPlatforms) = postSolution
		{5230B4D6-A075-4773-B96C-4C9C8F02B034}.Debug|Any CPU.ActiveCfg = Debug|Any CPU
		{5230B4D6-A075-4773-B96C-4C9C8F02B034}.Debug|Any CPU.Build.0 = Debug|Any CPU
		{5230B4D6-A075-4773-B96C-4C9C8F02B034}.Release|Any CPU.ActiveCfg = Release|Any CPU
		{5230B4D6-A075-4773-B96C-4C9C8F02B034}.Release|Any CPU.Build.0 = Release|Any CPU
		{207EB6BD-58B7-4704-B56D-1D7ECA03D2E0}.Debug|Any CPU.ActiveCfg = Debug|Any CPU
		{207EB6BD-58B7-4704-B56D-1D7ECA03D2E0}.Debug|Any CPU.Build.0 = Debug|Any CPU
		{207EB6BD-58B7-4704-B56D-1D7ECA03D2E0}.Release|Any CPU.ActiveCfg = Release|Any CPU
		{207EB6BD-58B7-4704-B56D-1D7ECA03D2E0}.Release|Any CPU.Build.0 = Release|Any CPU
		{6450F21D-026B-4180-BDB1-D1FF179471CA}.Debug|Any CPU.ActiveCfg = Debug|Any CPU
		{6450F21D-026B-4180-BDB1-D1FF179471CA}.Debug|Any CPU.Build.0 = Debug|Any CPU
		{6450F21D-026B-4180-BDB1-D1FF179471CA}.Release|Any CPU.ActiveCfg = Release|Any CPU
		{6450F21D-026B-4180-BDB1-D1FF179471CA}.Release|Any CPU.Build.0 = Release|Any CPU
		{AA58137F-D30B-46EC-9810-54F1F09BBD96}.Debug|Any CPU.ActiveCfg = Debug|Any CPU
		{AA58137F-D30B-46EC-9810-54F1F09BBD96}.Debug|Any CPU.Build.0 = Debug|Any CPU
		{AA58137F-D30B-46EC-9810-54F1F09BBD96}.Release|Any CPU.ActiveCfg = Release|Any CPU
		{AA58137F-D30B-46EC-9810-54F1F09BBD96}.Release|Any CPU.Build.0 = Release|Any CPU
	EndGlobalSection
	GlobalSection(SolutionProperties) = preSolution
		HideSolutionNode = FALSE
	EndGlobalSection
	GlobalSection(ExtensibilityGlobals) = postSolution
		SolutionGuid = {E4C51326-1B18-4B43-8BDD-C0CC3D191ADE}
	EndGlobalSection
EndGlobal
